<?xml version="1.0" encoding="utf-8"?>
<Project ToolsVersion="4.0" xmlns="http://schemas.microsoft.com/developer/msbuild/2003">
  <ItemGroup>
    <ClCompile Include="src\glad.c">
      <Filter>source files</Filter>
    </ClCompile>
    <ClCompile Include="src\model_loading.cpp">
      <Filter>source files</Filter>
    </ClCompile>
  </ItemGroup>
  <ItemGroup>
    <ClInclude Include="include\learnopengl\camera.h">
      <Filter>header files</Filter>
    </ClInclude>
    <ClInclude Include="include\learnopengl\mesh.h">
      <Filter>header files</Filter>
    </ClInclude>
    <ClInclude Include="include\learnopengl\model.h">
      <Filter>header files</Filter>
    </ClInclude>
    <ClInclude Include="include\learnopengl\shader.h">
      <Filter>header files</Filter>
    </ClInclude>
  </ItemGroup>
  <ItemGroup>
    <None Include="shader\5.4.light_casters.fs">
      <Filter>source files</Filter>
    </None>
    <None Include="shader\5.4.light_casters.vs">
      <Filter>source files</Filter>
    </None>
    <None Include="shader\screen.fs">
      <Filter>source files</Filter>
    </None>
    <None Include="shader\screen.vs">
      <Filter>source files</Filter>
    </None>
    <None Include="shader\point_shadow_depth.fs">
      <Filter>source files</Filter>
    </None>
    <None Include="shader\point_shadow_depth.gs">
      <Filter>source files</Filter>
    </None>
    <None Include="shader\point_shadow_depth.vs">
      <Filter>source files</Filter>
    </None>
    <None Include="shader\wobble.vs">
      <Filter>source files</Filter>
    </None>
    <None Include="shader\wobble.fs">
      <Filter>source files</Filter>
    </None>
  </ItemGroup>
  <ItemGroup>
    <Filter Include="source files">
      <UniqueIdentifier>{c8ce82b9-9c25-4bad-8630-ce627f0322f3}</UniqueIdentifier>
    </Filter>
    <Filter Include="header files">
      <UniqueIdentifier>{183d60f9-ac8a-4f79-8134-ee1e9ee9f7e2}</UniqueIdentifier>
    </Filter>
    <Filter Include="sounds">
      <UniqueIdentifier>{f7267805-a416-471b-b6e3-57aef891080c}</UniqueIdentifier>
    </Filter>
  </ItemGroup>
</Project>